// !$*UTF8*$!
{
	archiveVersion = 1;
	classes = {
	};
	objectVersion = 46;
	objects = {

/* Begin PBXBuildFile section */
		FA07FDBD1E7482A9005AFC15 /* Layer3D.cpp in Sources */ = {isa = PBXBuildFile; fileRef = FA07FDBB1E7482A9005AFC15 /* Layer3D.cpp */; };
		FA07FDC01E756AD1005AFC15 /* ReLULayer.cpp in Sources */ = {isa = PBXBuildFile; fileRef = FA07FDBE1E756AD1005AFC15 /* ReLULayer.cpp */; };
		FA07FDC31E75A4CF005AFC15 /* PoolingLayer.cpp in Sources */ = {isa = PBXBuildFile; fileRef = FA07FDC11E75A4CF005AFC15 /* PoolingLayer.cpp */; };
		FA07FDC61E76DC9F005AFC15 /* FullyConnectedLayer.cpp in Sources */ = {isa = PBXBuildFile; fileRef = FA07FDC41E76DC9F005AFC15 /* FullyConnectedLayer.cpp */; };
		FAAEEF1F1E65B21400BFDB29 /* SignRecognition.cpp in Sources */ = {isa = PBXBuildFile; fileRef = FAAEEF1D1E65B21400BFDB29 /* SignRecognition.cpp */; };
		FAECDE461E5329CC00BCD1E7 /* main.cpp in Sources */ = {isa = PBXBuildFile; fileRef = FAECDE451E5329CC00BCD1E7 /* main.cpp */; };
		FAFE0C8B1E69BA2A0034A5DD /* ImageLoader.cpp in Sources */ = {isa = PBXBuildFile; fileRef = FAFE0C891E69BA2A0034A5DD /* ImageLoader.cpp */; };
		FAFE0C8E1E6A05B30034A5DD /* ConvolutionLayer.cpp in Sources */ = {isa = PBXBuildFile; fileRef = FAFE0C8C1E6A05B30034A5DD /* ConvolutionLayer.cpp */; };
/* End PBXBuildFile section */

/* Begin PBXCopyFilesBuildPhase section */
		FAECDE401E5329CC00BCD1E7 /* CopyFiles */ = {
			isa = PBXCopyFilesBuildPhase;
			buildActionMask = 2147483647;
			dstPath = /usr/share/man/man1/;
			dstSubfolderSpec = 0;
			files = (
			);
			runOnlyForDeploymentPostprocessing = 1;
		};
/* End PBXCopyFilesBuildPhase section */

/* Begin PBXFileReference section */
		FA07FDBB1E7482A9005AFC15 /* Layer3D.cpp */ = {isa = PBXFileReference; fileEncoding = 4; lastKnownFileType = sourcecode.cpp.cpp; name = Layer3D.cpp; path = ../Layer3D.cpp; sourceTree = "<group>"; };
		FA07FDBC1E7482A9005AFC15 /* Layer3D.hpp */ = {isa = PBXFileReference; fileEncoding = 4; lastKnownFileType = sourcecode.cpp.h; name = Layer3D.hpp; path = ../Layer3D.hpp; sourceTree = "<group>"; };
		FA07FDBE1E756AD1005AFC15 /* ReLULayer.cpp */ = {isa = PBXFileReference; fileEncoding = 4; lastKnownFileType = sourcecode.cpp.cpp; path = ReLULayer.cpp; sourceTree = "<group>"; };
		FA07FDBF1E756AD1005AFC15 /* ReLULayer.hpp */ = {isa = PBXFileReference; fileEncoding = 4; lastKnownFileType = sourcecode.cpp.h; path = ReLULayer.hpp; sourceTree = "<group>"; };
		FA07FDC11E75A4CF005AFC15 /* PoolingLayer.cpp */ = {isa = PBXFileReference; fileEncoding = 4; lastKnownFileType = sourcecode.cpp.cpp; path = PoolingLayer.cpp; sourceTree = "<group>"; };
		FA07FDC21E75A4CF005AFC15 /* PoolingLayer.hpp */ = {isa = PBXFileReference; fileEncoding = 4; lastKnownFileType = sourcecode.cpp.h; path = PoolingLayer.hpp; sourceTree = "<group>"; };
		FA07FDC41E76DC9F005AFC15 /* FullyConnectedLayer.cpp */ = {isa = PBXFileReference; fileEncoding = 4; lastKnownFileType = sourcecode.cpp.cpp; path = FullyConnectedLayer.cpp; sourceTree = "<group>"; };
		FA07FDC51E76DC9F005AFC15 /* FullyConnectedLayer.hpp */ = {isa = PBXFileReference; fileEncoding = 4; lastKnownFileType = sourcecode.cpp.h; path = FullyConnectedLayer.hpp; sourceTree = "<group>"; };
		FAAEEF1D1E65B21400BFDB29 /* SignRecognition.cpp */ = {isa = PBXFileReference; fileEncoding = 4; lastKnownFileType = sourcecode.cpp.cpp; path = SignRecognition.cpp; sourceTree = "<group>"; };
		FAAEEF1E1E65B21400BFDB29 /* SignRecognition.hpp */ = {isa = PBXFileReference; fileEncoding = 4; lastKnownFileType = sourcecode.cpp.h; path = SignRecognition.hpp; sourceTree = "<group>"; };
		FAECDE421E5329CC00BCD1E7 /* AIMotive Convolutional Network */ = {isa = PBXFileReference; explicitFileType = "compiled.mach-o.executable"; includeInIndex = 0; path = "AIMotive Convolutional Network"; sourceTree = BUILT_PRODUCTS_DIR; };
		FAECDE451E5329CC00BCD1E7 /* main.cpp */ = {isa = PBXFileReference; lastKnownFileType = sourcecode.cpp.cpp; path = main.cpp; sourceTree = "<group>"; };
		FAFE0C891E69BA2A0034A5DD /* ImageLoader.cpp */ = {isa = PBXFileReference; fileEncoding = 4; lastKnownFileType = sourcecode.cpp.cpp; path = ImageLoader.cpp; sourceTree = "<group>"; };
		FAFE0C8A1E69BA2A0034A5DD /* ImageLoader.hpp */ = {isa = PBXFileReference; fileEncoding = 4; lastKnownFileType = sourcecode.cpp.h; path = ImageLoader.hpp; sourceTree = "<group>"; };
		FAFE0C8C1E6A05B30034A5DD /* ConvolutionLayer.cpp */ = {isa = PBXFileReference; fileEncoding = 4; lastKnownFileType = sourcecode.cpp.cpp; path = ConvolutionLayer.cpp; sourceTree = "<group>"; };
		FAFE0C8D1E6A05B30034A5DD /* ConvolutionLayer.hpp */ = {isa = PBXFileReference; fileEncoding = 4; lastKnownFileType = sourcecode.cpp.h; path = ConvolutionLayer.hpp; sourceTree = "<group>"; };
/* End PBXFileReference section */

/* Begin PBXFrameworksBuildPhase section */
		FAECDE3F1E5329CC00BCD1E7 /* Frameworks */ = {
			isa = PBXFrameworksBuildPhase;
			buildActionMask = 2147483647;
			files = (
			);
			runOnlyForDeploymentPostprocessing = 0;
		};
/* End PBXFrameworksBuildPhase section */

/* Begin PBXGroup section */
		FAECDE391E5329CC00BCD1E7 = {
			isa = PBXGroup;
			children = (
				FAECDE441E5329CC00BCD1E7 /* AIMotive Convolutional Network */,
				FAECDE431E5329CC00BCD1E7 /* Products */,
			);
			sourceTree = "<group>";
		};
		FAECDE431E5329CC00BCD1E7 /* Products */ = {
			isa = PBXGroup;
			children = (
				FAECDE421E5329CC00BCD1E7 /* AIMotive Convolutional Network */,
			);
			name = Products;
			sourceTree = "<group>";
		};
		FAECDE441E5329CC00BCD1E7 /* AIMotive Convolutional Network */ = {
			isa = PBXGroup;
			children = (
				FAECDE451E5329CC00BCD1E7 /* main.cpp */,
				FAAEEF1D1E65B21400BFDB29 /* SignRecognition.cpp */,
				FAAEEF1E1E65B21400BFDB29 /* SignRecognition.hpp */,
				FA07FDBB1E7482A9005AFC15 /* Layer3D.cpp */,
				FA07FDBC1E7482A9005AFC15 /* Layer3D.hpp */,
				FAFE0C891E69BA2A0034A5DD /* ImageLoader.cpp */,
				FAFE0C8A1E69BA2A0034A5DD /* ImageLoader.hpp */,
				FAFE0C8C1E6A05B30034A5DD /* ConvolutionLayer.cpp */,
				FAFE0C8D1E6A05B30034A5DD /* ConvolutionLayer.hpp */,
				FA07FDBE1E756AD1005AFC15 /* ReLULayer.cpp */,
				FA07FDBF1E756AD1005AFC15 /* ReLULayer.hpp */,
				FA07FDC11E75A4CF005AFC15 /* PoolingLayer.cpp */,
				FA07FDC21E75A4CF005AFC15 /* PoolingLayer.hpp */,
				FA07FDC41E76DC9F005AFC15 /* FullyConnectedLayer.cpp */,
				FA07FDC51E76DC9F005AFC15 /* FullyConnectedLayer.hpp */,
			);
			path = "AIMotive Convolutional Network";
			sourceTree = "<group>";
		};
/* End PBXGroup section */

/* Begin PBXNativeTarget section */
		FAECDE411E5329CC00BCD1E7 /* AIMotive Convolutional Network */ = {
			isa = PBXNativeTarget;
			buildConfigurationList = FAECDE491E5329CC00BCD1E7 /* Build configuration list for PBXNativeTarget "AIMotive Convolutional Network" */;
			buildPhases = (
				FAECDE3E1E5329CC00BCD1E7 /* Sources */,
				FAECDE3F1E5329CC00BCD1E7 /* Frameworks */,
				FAECDE401E5329CC00BCD1E7 /* CopyFiles */,
			);
			buildRules = (
			);
			dependencies = (
			);
			name = "AIMotive Convolutional Network";
			productName = "AIMotive Convolutional Network";
			productReference = FAECDE421E5329CC00BCD1E7 /* AIMotive Convolutional Network */;
			productType = "com.apple.product-type.tool";
		};
/* End PBXNativeTarget section */

/* Begin PBXProject section */
		FAECDE3A1E5329CC00BCD1E7 /* Project object */ = {
			isa = PBXProject;
			attributes = {
				LastUpgradeCheck = 0820;
				ORGANIZATIONNAME = "Csongor Pilinszki-Nagy";
				TargetAttributes = {
					FAECDE411E5329CC00BCD1E7 = {
						CreatedOnToolsVersion = 8.2.1;
						ProvisioningStyle = Automatic;
					};
				};
			};
			buildConfigurationList = FAECDE3D1E5329CC00BCD1E7 /* Build configuration list for PBXProject "AIMotive Convolutional Network" */;
			compatibilityVersion = "Xcode 3.2";
			developmentRegion = English;
			hasScannedForEncodings = 0;
			knownRegions = (
				en,
			);
			mainGroup = FAECDE391E5329CC00BCD1E7;
			productRefGroup = FAECDE431E5329CC00BCD1E7 /* Products */;
			projectDirPath = "";
			projectRoot = "";
			targets = (
				FAECDE411E5329CC00BCD1E7 /* AIMotive Convolutional Network */,
			);
		};
/* End PBXProject section */

/* Begin PBXSourcesBuildPhase section */
		FAECDE3E1E5329CC00BCD1E7 /* Sources */ = {
			isa = PBXSourcesBuildPhase;
			buildActionMask = 2147483647;
			files = (
				FAAEEF1F1E65B21400BFDB29 /* SignRecognition.cpp in Sources */,
				FA07FDC01E756AD1005AFC15 /* ReLULayer.cpp in Sources */,
				FA07FDBD1E7482A9005AFC15 /* Layer3D.cpp in Sources */,
				FA07FDC31E75A4CF005AFC15 /* PoolingLayer.cpp in Sources */,
				FA07FDC61E76DC9F005AFC15 /* FullyConnectedLayer.cpp in Sources */,
				FAECDE461E5329CC00BCD1E7 /* main.cpp in Sources */,
				FAFE0C8E1E6A05B30034A5DD /* ConvolutionLayer.cpp in Sources */,
				FAFE0C8B1E69BA2A0034A5DD /* ImageLoader.cpp in Sources */,
			);
			runOnlyForDeploymentPostprocessing = 0;
		};
/* End PBXSourcesBuildPhase section */

/* Begin XCBuildConfiguration section */
		FAECDE471E5329CC00BCD1E7 /* Debug */ = {
			isa = XCBuildConfiguration;
			buildSettings = {
				ALWAYS_SEARCH_USER_PATHS = NO;
				CLANG_ANALYZER_NONNULL = YES;
				CLANG_CXX_LANGUAGE_STANDARD = "gnu++0x";
				CLANG_CXX_LIBRARY = "libc++";
				CLANG_ENABLE_MODULES = YES;
				CLANG_ENABLE_OBJC_ARC = YES;
				CLANG_WARN_BOOL_CONVERSION = YES;
				CLANG_WARN_CONSTANT_CONVERSION = YES;
				CLANG_WARN_DIRECT_OBJC_ISA_USAGE = YES_ERROR;
				CLANG_WARN_DOCUMENTATION_COMMENTS = YES;
				CLANG_WARN_EMPTY_BODY = YES;
				CLANG_WARN_ENUM_CONVERSION = YES;
				CLANG_WARN_INFINITE_RECURSION = YES;
				CLANG_WARN_INT_CONVERSION = YES;
				CLANG_WARN_OBJC_ROOT_CLASS = YES_ERROR;
				CLANG_WARN_SUSPICIOUS_MOVE = YES;
				CLANG_WARN_UNREACHABLE_CODE = YES;
				CLANG_WARN__DUPLICATE_METHOD_MATCH = YES;
				CODE_SIGN_IDENTITY = "-";
				COPY_PHASE_STRIP = NO;
				DEBUG_INFORMATION_FORMAT = dwarf;
				ENABLE_STRICT_OBJC_MSGSEND = YES;
				ENABLE_TESTABILITY = YES;
				GCC_C_LANGUAGE_STANDARD = gnu99;
				GCC_DYNAMIC_NO_PIC = NO;
				GCC_NO_COMMON_BLOCKS = YES;
				GCC_OPTIMIZATION_LEVEL = 0;
				GCC_PREPROCESSOR_DEFINITIONS = (
					"DEBUG=1",
					"$(inherited)",
				);
				GCC_WARN_64_TO_32_BIT_CONVERSION = YES;
				GCC_WARN_ABOUT_RETURN_TYPE = YES_ERROR;
				GCC_WARN_UNDECLARED_SELECTOR = YES;
				GCC_WARN_UNINITIALIZED_AUTOS = YES_AGGRESSIVE;
				GCC_WARN_UNUSED_FUNCTION = YES;
				GCC_WARN_UNUSED_VARIABLE = YES;
				MACOSX_DEPLOYMENT_TARGET = 10.12;
				MTL_ENABLE_DEBUG_INFO = YES;
				ONLY_ACTIVE_ARCH = YES;
				SDKROOT = macosx;
			};
			name = Debug;
		};
		FAECDE481E5329CC00BCD1E7 /* Release */ = {
			isa = XCBuildConfiguration;
			buildSettings = {
				ALWAYS_SEARCH_USER_PATHS = NO;
				CLANG_ANALYZER_NONNULL = YES;
				CLANG_CXX_LANGUAGE_STANDARD = "gnu++0x";
				CLANG_CXX_LIBRARY = "libc++";
				CLANG_ENABLE_MODULES = YES;
				CLANG_ENABLE_OBJC_ARC = YES;
				CLANG_WARN_BOOL_CONVERSION = YES;
				CLANG_WARN_CONSTANT_CONVERSION = YES;
				CLANG_WARN_DIRECT_OBJC_ISA_USAGE = YES_ERROR;
				CLANG_WARN_DOCUMENTATION_COMMENTS = YES;
				CLANG_WARN_EMPTY_BODY = YES;
				CLANG_WARN_ENUM_CONVERSION = YES;
				CLANG_WARN_INFINITE_RECURSION = YES;
				CLANG_WARN_INT_CONVERSION = YES;
				CLANG_WARN_OBJC_ROOT_CLASS = YES_ERROR;
				CLANG_WARN_SUSPICIOUS_MOVE = YES;
				CLANG_WARN_UNREACHABLE_CODE = YES;
				CLANG_WARN__DUPLICATE_METHOD_MATCH = YES;
				CODE_SIGN_IDENTITY = "-";
				COPY_PHASE_STRIP = NO;
				DEBUG_INFORMATION_FORMAT = "dwarf-with-dsym";
				ENABLE_NS_ASSERTIONS = NO;
				ENABLE_STRICT_OBJC_MSGSEND = YES;
				GCC_C_LANGUAGE_STANDARD = gnu99;
				GCC_NO_COMMON_BLOCKS = YES;
				GCC_WARN_64_TO_32_BIT_CONVERSION = YES;
				GCC_WARN_ABOUT_RETURN_TYPE = YES_ERROR;
				GCC_WARN_UNDECLARED_SELECTOR = YES;
				GCC_WARN_UNINITIALIZED_AUTOS = YES_AGGRESSIVE;
				GCC_WARN_UNUSED_FUNCTION = YES;
				GCC_WARN_UNUSED_VARIABLE = YES;
				MACOSX_DEPLOYMENT_TARGET = 10.12;
				MTL_ENABLE_DEBUG_INFO = NO;
				SDKROOT = macosx;
			};
			name = Release;
		};
		FAECDE4A1E5329CC00BCD1E7 /* Debug */ = {
			isa = XCBuildConfiguration;
			buildSettings = {
				HEADER_SEARCH_PATHS = (
					"/Users/pilinszki-nagycsongor/Developer/bitmap",
					"/usr/local/Cellar/eigen/3.3.2/**",
					"/Users/pilinszki-nagycsongor/Developer/EasyBMP_1",
				);
				OTHER_CPLUSPLUSFLAGS = (
					"$(OTHER_CFLAGS)",
					"-I",
					/usr/local/Cellar/eigen/3.3.2/,
				);
				PRODUCT_NAME = "$(TARGET_NAME)";
			};
			name = Debug;
		};
		FAECDE4B1E5329CC00BCD1E7 /* Release */ = {
			isa = XCBuildConfiguration;
			buildSettings = {
				HEADER_SEARCH_PATHS = (
					"/Users/pilinszki-nagycsongor/Developer/bitmap",
					"/usr/local/Cellar/eigen/3.3.2/**",
					"/Users/pilinszki-nagycsongor/Developer/EasyBMP_1",
				);
				OTHER_CPLUSPLUSFLAGS = (
					"$(OTHER_CFLAGS)",
					"-I",
					/usr/local/Cellar/eigen/3.3.2/,
				);
				PRODUCT_NAME = "$(TARGET_NAME)";
			};
			name = Release;
		};
/* End XCBuildConfiguration section */

/* Begin XCConfigurationList section */
		FAECDE3D1E5329CC00BCD1E7 /* Build configuration list for PBXProject "AIMotive Convolutional Network" */ = {
			isa = XCConfigurationList;
			buildConfigurations = (
				FAECDE471E5329CC00BCD1E7 /* Debug */,
				FAECDE481E5329CC00BCD1E7 /* Release */,
			);
			defaultConfigurationIsVisible = 0;
			defaultConfigurationName = Release;
		};
		FAECDE491E5329CC00BCD1E7 /* Build configuration list for PBXNativeTarget "AIMotive Convolutional Network" */ = {
			isa = XCConfigurationList;
			buildConfigurations = (
				FAECDE4A1E5329CC00BCD1E7 /* Debug */,
				FAECDE4B1E5329CC00BCD1E7 /* Release */,
			);
			defaultConfigurationIsVisible = 0;
			defaultConfigurationName = Release;
		};
/* End XCConfigurationList section */
	};
	rootObject = FAECDE3A1E5329CC00BCD1E7 /* Project object */;
}
